{
    "_readme": [
        "This file locks the dependencies of your project to a known state",
        "Read more about it at https://getcomposer.org/doc/01-basic-usage.md#installing-dependencies",
        "This file is @generated automatically"
    ],
    "content-hash": "9b0dc4020dbd602e9f340a056ee226a7",
    "packages": [
        {
            "name": "kaiwessela/astronauth",
            "version": "dev-master",
            "source": {
                "type": "git",
                "url": "https://github.com/kaiwessela/Astronauth.git",
                "reference": "d23987bde65194caf17450488570040075841ca5"
            },
            "dist": {
                "type": "zip",
                "url": "https://api.github.com/repos/kaiwessela/Astronauth/zipball/d23987bde65194caf17450488570040075841ca5",
                "reference": "d23987bde65194caf17450488570040075841ca5",
                "shasum": ""
            },
            "require": {
                "php": ">=8.0"
            },
            "default-branch": true,
            "type": "library",
            "notification-url": "https://packagist.org/downloads/",
            "description": "Astronauth website authentication module.",
            "support": {
                "issues": "https://github.com/kaiwessela/Astronauth/issues",
                "source": "https://github.com/kaiwessela/Astronauth/tree/master"
            },
            "time": "2021-02-12T22:34:04+00:00"
        },
        {
            "name": "kaiwessela/parsedownforblog",
            "version": "v1.0.0",
            "source": {
                "type": "git",
                "url": "https://github.com/kaiwessela/ParsedownForBlog.git",
                "reference": "dd0fb7e99b4d5f4a33780be81269f90bd9fd9f57"
            },
            "dist": {
                "type": "zip",
                "url": "https://api.github.com/repos/kaiwessela/ParsedownForBlog/zipball/dd0fb7e99b4d5f4a33780be81269f90bd9fd9f57",
                "reference": "dd0fb7e99b4d5f4a33780be81269f90bd9fd9f57",
                "shasum": ""
            },
            "require": {
                "php": ">=7.0"
            },
            "type": "library",
            "description": "Parsedown by Emanuil Rusev, modified for Blog.",
            "support": {
                "source": "https://github.com/kaiwessela/ParsedownForBlog/tree/v1.0.0"
            },
            "time": "2021-02-07T14:31:15+00:00"
        }
    ],
    "packages-dev": [],
    "aliases": [],
    "minimum-stability": "stable",
    "stability-flags": {
        "kaiwessela/astronauth": 20
    },
    "prefer-stable": false,
    "prefer-lowest": false,
    "platform": [],
    "platform-dev": [],
    "plugin-api-version": "2.0.0"
}
